lockfileVersion: 5.3

specifiers:
  gulp-autoprefixer: ^8.0.0
  gulp-clean-css: ^4.3.0
  gulp-rename: ^2.0.0
  gulp-sass: ^5.0.0

devDependencies:
  gulp-autoprefixer: registry.npmmirror.com/gulp-autoprefixer/8.0.0
  gulp-clean-css: registry.nlark.com/gulp-clean-css/4.3.0
  gulp-rename: registry.nlark.com/gulp-rename/2.0.0
  gulp-sass: registry.npmmirror.com/gulp-sass/5.0.0

packages:

  registry.nlark.com/ansi-colors/1.1.0:
    resolution: {integrity: sha1-Y3S03V1HGP884npnGjscrQdxMqk=, registry: https://registry.npm.taobao.org/, tarball: https://registry.nlark.com/ansi-colors/download/ansi-colors-1.1.0.tgz}
    name: ansi-colors
    version: 1.1.0
    engines: {node: '>=0.10.0'}
    dependencies:
      ansi-wrap: registry.nlark.com/ansi-wrap/0.1.0
    dev: true

  registry.nlark.com/ansi-gray/0.1.1:
    resolution: {integrity: sha1-KWLPVOyXksSFEKPetSRDaGHvclE=, registry: https://registry.npm.taobao.org/, tarball: https://registry.nlark.com/ansi-gray/download/ansi-gray-0.1.1.tgz}
    name: ansi-gray
    version: 0.1.1
    engines: {node: '>=0.10.0'}
    dependencies:
      ansi-wrap: registry.nlark.com/ansi-wrap/0.1.0
    dev: true

  registry.nlark.com/ansi-regex/5.0.1:
    resolution: {integrity: sha1-CCyyyJyf6GWaMRpTvWpNxTAdswQ=, registry: https://registry.npm.taobao.org/, tarball: https://registry.nlark.com/ansi-regex/download/ansi-regex-5.0.1.tgz}
    name: ansi-regex
    version: 5.0.1
    engines: {node: '>=8'}
    dev: true

  registry.nlark.com/ansi-styles/4.3.0:
    resolution: {integrity: sha1-7dgDYornHATIWuegkG7a00tkiTc=, registry: https://registry.npm.taobao.org/, tarball: https://registry.nlark.com/ansi-styles/download/ansi-styles-4.3.0.tgz}
    name: ansi-styles
    version: 4.3.0
    engines: {node: '>=8'}
    dependencies:
      color-convert: registry.nlark.com/color-convert/2.0.1
    dev: true

  registry.nlark.com/ansi-wrap/0.1.0:
    resolution: {integrity: sha1-qCJQ3bABXponyoLoLqYDu/pF768=, registry: https://registry.npm.taobao.org/, tarball: https://registry.nlark.com/ansi-wrap/download/ansi-wrap-0.1.0.tgz}
    name: ansi-wrap
    version: 0.1.0
    engines: {node: '>=0.10.0'}
    dev: true

  registry.nlark.com/arr-diff/4.0.0:
    resolution: {integrity: sha1-1kYQdP6/7HHn4VI1dhoyml3HxSA=, registry: https://registry.npm.taobao.org/, tarball: https://registry.nlark.com/arr-diff/download/arr-diff-4.0.0.tgz}
    name: arr-diff
    version: 4.0.0
    engines: {node: '>=0.10.0'}
    dev: true

  registry.nlark.com/arr-union/3.1.0:
    resolution: {integrity: sha1-45sJrqne+Gao8gbiiK9jkZuuOcQ=, registry: https://registry.npm.taobao.org/, tarball: https://registry.nlark.com/arr-union/download/arr-union-3.1.0.tgz}
    name: arr-union
    version: 3.1.0
    engines: {node: '>=0.10.0'}
    dev: true

  registry.nlark.com/assign-symbols/1.0.0:
    resolution: {integrity: sha1-WWZ/QfrdTyDMvCu5a41Pf3jsA2c=, registry: https://registry.npm.taobao.org/, tarball: https://registry.nlark.com/assign-symbols/download/assign-symbols-1.0.0.tgz}
    name: assign-symbols
    version: 1.0.0
    engines: {node: '>=0.10.0'}
    dev: true

  registry.nlark.com/color-convert/2.0.1:
    resolution: {integrity: sha1-ctOmjVmMm9s68q0ehPIdiWq9TeM=, registry: https://registry.npm.taobao.org/, tarball: https://registry.nlark.com/color-convert/download/color-convert-2.0.1.tgz}
    name: color-convert
    version: 2.0.1
    engines: {node: '>=7.0.0'}
    dependencies:
      color-name: registry.nlark.com/color-name/1.1.4
    dev: true

  registry.nlark.com/color-name/1.1.4:
    resolution: {integrity: sha1-wqCah6y95pVD3m9j+jmVyCbFNqI=, registry: https://registry.npm.taobao.org/, tarball: https://registry.nlark.com/color-name/download/color-name-1.1.4.tgz}
    name: color-name
    version: 1.1.4
    dev: true

  registry.nlark.com/color-support/1.1.3:
    resolution: {integrity: sha1-k4NDeaHMmgxh+C9S8NBDIiUb1aI=, registry: https://registry.npm.taobao.org/, tarball: https://registry.nlark.com/color-support/download/color-support-1.1.3.tgz}
    name: color-support
    version: 1.1.3
    hasBin: true
    dev: true

  registry.nlark.com/escalade/3.1.1:
    resolution: {integrity: sha1-2M/ccACWXFoBdLSoLqpcBVJ0LkA=, registry: https://registry.npm.taobao.org/, tarball: https://registry.nlark.com/escalade/download/escalade-3.1.1.tgz}
    name: escalade
    version: 3.1.1
    engines: {node: '>=6'}
    dev: true

  registry.nlark.com/extend-shallow/3.0.2:
    resolution: {integrity: sha1-Jqcarwc7OfshJxcnRhMcJwQCjbg=, registry: https://registry.npm.taobao.org/, tarball: https://registry.nlark.com/extend-shallow/download/extend-shallow-3.0.2.tgz}
    name: extend-shallow
    version: 3.0.2
    engines: {node: '>=0.10.0'}
    dependencies:
      assign-symbols: registry.nlark.com/assign-symbols/1.0.0
      is-extendable: registry.nlark.com/is-extendable/1.0.1
    dev: true

  registry.nlark.com/fancy-log/1.3.3:
    resolution: {integrity: sha1-28GRVPVYaQFQojlToK29A1vkX8c=, registry: https://registry.npm.taobao.org/, tarball: https://registry.nlark.com/fancy-log/download/fancy-log-1.3.3.tgz}
    name: fancy-log
    version: 1.3.3
    engines: {node: '>= 0.10'}
    dependencies:
      ansi-gray: registry.nlark.com/ansi-gray/0.1.1
      color-support: registry.nlark.com/color-support/1.1.3
      parse-node-version: registry.npmmirror.com/parse-node-version/1.0.1
      time-stamp: registry.nlark.com/time-stamp/1.1.0
    dev: true

  registry.nlark.com/gulp-clean-css/4.3.0:
    resolution: {integrity: sha1-Wx5z8vykZwPrY2AUzdRVPOplFG0=, registry: https://registry.npm.taobao.org/, tarball: https://registry.nlark.com/gulp-clean-css/download/gulp-clean-css-4.3.0.tgz}
    name: gulp-clean-css
    version: 4.3.0
    dependencies:
      clean-css: registry.npmmirror.com/clean-css/4.2.3
      plugin-error: registry.nlark.com/plugin-error/1.0.1
      through2: registry.nlark.com/through2/3.0.1
      vinyl-sourcemaps-apply: registry.nlark.com/vinyl-sourcemaps-apply/0.2.1
    dev: true

  registry.nlark.com/gulp-rename/2.0.0:
    resolution: {integrity: sha1-m7w5YrDA9S/GfNXq/2wiPsW5z2w=, registry: https://registry.npm.taobao.org/, tarball: https://registry.nlark.com/gulp-rename/download/gulp-rename-2.0.0.tgz}
    name: gulp-rename
    version: 2.0.0
    engines: {node: '>=4'}
    dev: true

  registry.nlark.com/has-flag/4.0.0:
    resolution: {integrity: sha1-lEdx/ZyByBJlxNaUGGDaBrtZR5s=, registry: https://registry.npm.taobao.org/, tarball: https://registry.nlark.com/has-flag/download/has-flag-4.0.0.tgz}
    name: has-flag
    version: 4.0.0
    engines: {node: '>=8'}
    dev: true

  registry.nlark.com/inherits/2.0.4:
    resolution: {integrity: sha1-D6LGT5MpF8NDOg3tVTY6rjdBa3w=, registry: https://registry.npm.taobao.org/, tarball: https://registry.nlark.com/inherits/download/inherits-2.0.4.tgz}
    name: inherits
    version: 2.0.4
    dev: true

  registry.nlark.com/is-extendable/1.0.1:
    resolution: {integrity: sha1-p0cPnkJnM9gb2B4RVSZOOjUHyrQ=, registry: https://registry.npm.taobao.org/, tarball: https://registry.nlark.com/is-extendable/download/is-extendable-1.0.1.tgz}
    name: is-extendable
    version: 1.0.1
    engines: {node: '>=0.10.0'}
    dependencies:
      is-plain-object: registry.nlark.com/is-plain-object/2.0.4
    dev: true

  registry.nlark.com/is-plain-object/2.0.4:
    resolution: {integrity: sha1-LBY7P6+xtgbZ0Xko8FwqHDjgdnc=, registry: https://registry.npm.taobao.org/, tarball: https://registry.nlark.com/is-plain-object/download/is-plain-object-2.0.4.tgz}
    name: is-plain-object
    version: 2.0.4
    engines: {node: '>=0.10.0'}
    dependencies:
      isobject: registry.nlark.com/isobject/3.0.1
    dev: true

  registry.nlark.com/isobject/3.0.1:
    resolution: {integrity: sha1-TkMekrEalzFjaqH5yNHMvP2reN8=, registry: https://registry.npm.taobao.org/, tarball: https://registry.nlark.com/isobject/download/isobject-3.0.1.tgz}
    name: isobject
    version: 3.0.1
    engines: {node: '>=0.10.0'}
    dev: true

  registry.nlark.com/lodash/4.17.21:
    resolution: {integrity: sha1-Z5WRxWTDv/quhFTPCz3zcMPWkRw=, registry: https://registry.npm.taobao.org/, tarball: https://registry.nlark.com/lodash/download/lodash-4.17.21.tgz?cache=0&other_urls=https%3A%2F%2Fregistry.nlark.com%2Flodash%2Fdownload%2Flodash-4.17.21.tgz}
    name: lodash
    version: 4.17.21
    dev: true

  registry.nlark.com/normalize-range/0.1.2:
    resolution: {integrity: sha1-LRDAa9/TEuqXd2laTShDlFa3WUI=, registry: https://registry.npm.taobao.org/, tarball: https://registry.nlark.com/normalize-range/download/normalize-range-0.1.2.tgz}
    name: normalize-range
    version: 0.1.2
    engines: {node: '>=0.10.0'}
    dev: true

  registry.nlark.com/plugin-error/1.0.1:
    resolution: {integrity: sha1-dwFr2JGdCsN3/c3QMiMolTyleBw=, registry: https://registry.npm.taobao.org/, tarball: https://registry.nlark.com/plugin-error/download/plugin-error-1.0.1.tgz}
    name: plugin-error
    version: 1.0.1
    engines: {node: '>= 0.10'}
    dependencies:
      ansi-colors: registry.nlark.com/ansi-colors/1.1.0
      arr-diff: registry.nlark.com/arr-diff/4.0.0
      arr-union: registry.nlark.com/arr-union/3.1.0
      extend-shallow: registry.nlark.com/extend-shallow/3.0.2
    dev: true

  registry.nlark.com/readable-stream/3.6.0:
    resolution: {integrity: sha1-M3u9o63AcGvT4CRCaihtS0sskZg=, registry: https://registry.npm.taobao.org/, tarball: https://registry.nlark.com/readable-stream/download/readable-stream-3.6.0.tgz}
    name: readable-stream
    version: 3.6.0
    engines: {node: '>= 6'}
    dependencies:
      inherits: registry.nlark.com/inherits/2.0.4
      string_decoder: registry.nlark.com/string_decoder/1.3.0
      util-deprecate: registry.nlark.com/util-deprecate/1.0.2
    dev: true

  registry.nlark.com/replace-ext/2.0.0:
    resolution: {integrity: sha1-lHHCE9IuG8wmcXzW5QiB2I+BKwY=, registry: https://registry.npm.taobao.org/, tarball: https://registry.nlark.com/replace-ext/download/replace-ext-2.0.0.tgz}
    name: replace-ext
    version: 2.0.0
    engines: {node: '>= 10'}
    dev: true

  registry.nlark.com/safe-buffer/5.2.1:
    resolution: {integrity: sha1-Hq+fqb2x/dTsdfWPnNtOa3gn7sY=, registry: https://registry.npm.taobao.org/, tarball: https://registry.nlark.com/safe-buffer/download/safe-buffer-5.2.1.tgz}
    name: safe-buffer
    version: 5.2.1
    dev: true

  registry.nlark.com/source-map/0.5.7:
    resolution: {integrity: sha1-igOdLRAh0i0eoUyA2OpGi6LvP8w=, registry: https://registry.npm.taobao.org/, tarball: https://registry.nlark.com/source-map/download/source-map-0.5.7.tgz}
    name: source-map
    version: 0.5.7
    engines: {node: '>=0.10.0'}
    dev: true

  registry.nlark.com/source-map/0.6.1:
    resolution: {integrity: sha1-dHIq8y6WFOnCh6jQu95IteLxomM=, registry: https://registry.npm.taobao.org/, tarball: https://registry.nlark.com/source-map/download/source-map-0.6.1.tgz}
    name: source-map
    version: 0.6.1
    engines: {node: '>=0.10.0'}
    dev: true

  registry.nlark.com/string_decoder/1.3.0:
    resolution: {integrity: sha1-QvEUWUpGzxqOMLCoT1bHjD7awh4=, registry: https://registry.npm.taobao.org/, tarball: https://registry.nlark.com/string_decoder/download/string_decoder-1.3.0.tgz}
    name: string_decoder
    version: 1.3.0
    dependencies:
      safe-buffer: registry.nlark.com/safe-buffer/5.2.1
    dev: true

  registry.nlark.com/through2/3.0.1:
    resolution: {integrity: sha1-OSducTwzAu3544jdnIEt07glvVo=, registry: https://registry.npm.taobao.org/, tarball: https://registry.nlark.com/through2/download/through2-3.0.1.tgz}
    name: through2
    version: 3.0.1
    dependencies:
      readable-stream: registry.nlark.com/readable-stream/3.6.0
    dev: true

  registry.nlark.com/through2/4.0.2:
    resolution: {integrity: sha1-p846wqeosLlmyA58SfBITDsjl2Q=, registry: https://registry.npm.taobao.org/, tarball: https://registry.nlark.com/through2/download/through2-4.0.2.tgz}
    name: through2
    version: 4.0.2
    dependencies:
      readable-stream: registry.nlark.com/readable-stream/3.6.0
    dev: true

  registry.nlark.com/time-stamp/1.1.0:
    resolution: {integrity: sha1-dkpaEa9QVhkhsTPztE5hhofg9cM=, registry: https://registry.npm.taobao.org/, tarball: https://registry.nlark.com/time-stamp/download/time-stamp-1.1.0.tgz}
    name: time-stamp
    version: 1.1.0
    engines: {node: '>=0.10.0'}
    dev: true

  registry.nlark.com/util-deprecate/1.0.2:
    resolution: {integrity: sha1-RQ1Nyfpw3nMnYvvS1KKJgUGaDM8=, registry: https://registry.npm.taobao.org/, tarball: https://registry.nlark.com/util-deprecate/download/util-deprecate-1.0.2.tgz}
    name: util-deprecate
    version: 1.0.2
    dev: true

  registry.nlark.com/vinyl-sourcemaps-apply/0.2.1:
    resolution: {integrity: sha1-q2VJ1h0XLCsbh75cUI0jnI74dwU=, registry: https://registry.npm.taobao.org/, tarball: https://registry.nlark.com/vinyl-sourcemaps-apply/download/vinyl-sourcemaps-apply-0.2.1.tgz}
    name: vinyl-sourcemaps-apply
    version: 0.2.1
    dependencies:
      source-map: registry.nlark.com/source-map/0.5.7
    dev: true

  registry.npmmirror.com/autoprefixer/10.4.0_postcss@8.4.5:
    resolution: {integrity: sha1-w1d+syoQeaRA7CU+QE6vHrITiMg=, registry: https://registry.npm.taobao.org/, tarball: https://registry.npmmirror.com/autoprefixer/download/autoprefixer-10.4.0.tgz}
    id: registry.npmmirror.com/autoprefixer/10.4.0
    name: autoprefixer
    version: 10.4.0
    engines: {node: ^10 || ^12 || >=14}
    hasBin: true
    peerDependencies:
      postcss: ^8.1.0
    dependencies:
      browserslist: registry.npmmirror.com/browserslist/4.19.0
      caniuse-lite: registry.npmmirror.com/caniuse-lite/1.0.30001286
      fraction.js: registry.npmmirror.com/fraction.js/4.1.2
      normalize-range: registry.nlark.com/normalize-range/0.1.2
      picocolors: registry.npmmirror.com/picocolors/1.0.0
      postcss: registry.npmmirror.com/postcss/8.4.5
      postcss-value-parser: registry.npmmirror.com/postcss-value-parser/4.2.0
    dev: true

  registry.npmmirror.com/browserslist/4.19.0:
    resolution: {integrity: sha512-JGHzm73ei2OnAcobcQ61GXNnN6vDCg5Oz5MayudL+FyzjoLnCzUWnuLtDLMIYw8aXgQzzdCZMVky+fftD5jbtA==, registry: https://registry.npm.taobao.org/, tarball: https://registry.npmmirror.com/browserslist/download/browserslist-4.19.0.tgz}
    name: browserslist
    version: 4.19.0
    engines: {node: ^6 || ^7 || ^8 || ^9 || ^10 || ^11 || ^12 || >=13.7}
    hasBin: true
    dependencies:
      caniuse-lite: registry.npmmirror.com/caniuse-lite/1.0.30001286
      electron-to-chromium: registry.npmmirror.com/electron-to-chromium/1.4.17
      escalade: registry.nlark.com/escalade/3.1.1
      node-releases: registry.npmmirror.com/node-releases/2.0.1
      picocolors: registry.npmmirror.com/picocolors/1.0.0
    dev: true

  registry.npmmirror.com/caniuse-lite/1.0.30001286:
    resolution: {integrity: sha512-zaEMRH6xg8ESMi2eQ3R4eZ5qw/hJiVsO/HlLwniIwErij0JDr9P+8V4dtx1l+kLq6j3yy8l8W4fst1lBnat5wQ==, registry: https://registry.npm.taobao.org/, tarball: https://registry.npmmirror.com/caniuse-lite/download/caniuse-lite-1.0.30001286.tgz}
    name: caniuse-lite
    version: 1.0.30001286
    dev: true

  registry.npmmirror.com/chalk/4.1.2:
    resolution: {integrity: sha1-qsTit3NKdAhnrrFr8CqtVWoeegE=, registry: https://registry.npm.taobao.org/, tarball: https://registry.npmmirror.com/chalk/download/chalk-4.1.2.tgz}
    name: chalk
    version: 4.1.2
    engines: {node: '>=10'}
    dependencies:
      ansi-styles: registry.nlark.com/ansi-styles/4.3.0
      supports-color: registry.npmmirror.com/supports-color/7.2.0
    dev: true

  registry.npmmirror.com/clean-css/4.2.3:
    resolution: {integrity: sha1-UHtd59l7SO5T2ErbAWD/YhY4D3g=, registry: https://registry.npm.taobao.org/, tarball: https://registry.npmmirror.com/clean-css/download/clean-css-4.2.3.tgz}
    name: clean-css
    version: 4.2.3
    engines: {node: '>= 4.0'}
    dependencies:
      source-map: registry.nlark.com/source-map/0.6.1
    dev: true

  registry.npmmirror.com/electron-to-chromium/1.4.17:
    resolution: {integrity: sha512-zhk1MravPtq/KBhmGB7TLBILmXTgRG9TFSI3qS3DbgyfHzIl72iiTE37r/BHIbPCJJlWIo5rySyxiH4vWhu2ZA==, registry: https://registry.npm.taobao.org/, tarball: https://registry.npmmirror.com/electron-to-chromium/download/electron-to-chromium-1.4.17.tgz}
    name: electron-to-chromium
    version: 1.4.17
    dev: true

  registry.npmmirror.com/fraction.js/4.1.2:
    resolution: {integrity: sha512-o2RiJQ6DZaR/5+Si0qJUIy637QMRudSi9kU/FFzx9EZazrIdnBgpU+3sEWCxAVhH2RtxW2Oz+T4p2o8uOPVcgA==, registry: https://registry.npm.taobao.org/, tarball: https://registry.npmmirror.com/fraction.js/download/fraction.js-4.1.2.tgz}
    name: fraction.js
    version: 4.1.2
    dev: true

  registry.npmmirror.com/gulp-autoprefixer/8.0.0:
    resolution: {integrity: sha1-7iQT1suffMLwG32YNbRuWOMmuI0=, registry: https://registry.npm.taobao.org/, tarball: https://registry.npmmirror.com/gulp-autoprefixer/download/gulp-autoprefixer-8.0.0.tgz}
    name: gulp-autoprefixer
    version: 8.0.0
    engines: {node: '>=12'}
    peerDependencies:
      gulp: '>=4'
    peerDependenciesMeta:
      gulp:
        optional: true
    dependencies:
      autoprefixer: registry.npmmirror.com/autoprefixer/10.4.0_postcss@8.4.5
      fancy-log: registry.nlark.com/fancy-log/1.3.3
      plugin-error: registry.nlark.com/plugin-error/1.0.1
      postcss: registry.npmmirror.com/postcss/8.4.5
      through2: registry.nlark.com/through2/4.0.2
      vinyl-sourcemaps-apply: registry.nlark.com/vinyl-sourcemaps-apply/0.2.1
    dev: true

  registry.npmmirror.com/gulp-sass/5.0.0:
    resolution: {integrity: sha1-wzj8Ah5FClGul3/qkBTtozHOZrc=, registry: https://registry.npm.taobao.org/, tarball: https://registry.npmmirror.com/gulp-sass/download/gulp-sass-5.0.0.tgz}
    name: gulp-sass
    version: 5.0.0
    engines: {node: '>=12'}
    dependencies:
      chalk: registry.npmmirror.com/chalk/4.1.2
      lodash: registry.nlark.com/lodash/4.17.21
      plugin-error: registry.nlark.com/plugin-error/1.0.1
      replace-ext: registry.nlark.com/replace-ext/2.0.0
      strip-ansi: registry.npmmirror.com/strip-ansi/6.0.1
      transfob: registry.npmmirror.com/transfob/1.0.0
      vinyl-sourcemaps-apply: registry.nlark.com/vinyl-sourcemaps-apply/0.2.1
    dev: true

  registry.npmmirror.com/nanoid/3.1.30:
    resolution: {integrity: sha1-Y/k8xUjSoRPcXfvGO/oJ4rm2Q2I=, registry: https://registry.npm.taobao.org/, tarball: https://registry.npmmirror.com/nanoid/download/nanoid-3.1.30.tgz?cache=0&sync_timestamp=1634176297559&other_urls=https%3A%2F%2Fregistry.npmmirror.com%2Fnanoid%2Fdownload%2Fnanoid-3.1.30.tgz}
    name: nanoid
    version: 3.1.30
    engines: {node: ^10 || ^12 || ^13.7 || ^14 || >=15.0.1}
    hasBin: true
    dev: true

  registry.npmmirror.com/node-releases/2.0.1:
    resolution: {integrity: sha1-PR05XyBPHy8ppUNYuftnh2WtL8U=, registry: https://registry.npm.taobao.org/, tarball: https://registry.npmmirror.com/node-releases/download/node-releases-2.0.1.tgz?cache=0&sync_timestamp=1634807140363&other_urls=https%3A%2F%2Fregistry.npmmirror.com%2Fnode-releases%2Fdownload%2Fnode-releases-2.0.1.tgz}
    name: node-releases
    version: 2.0.1
    dev: true

  registry.npmmirror.com/parse-node-version/1.0.1:
    resolution: {integrity: sha1-4rXb7eAOf6m8NjYH9TMn6LBzGJs=, registry: https://registry.npm.taobao.org/, tarball: https://registry.npmmirror.com/parse-node-version/download/parse-node-version-1.0.1.tgz}
    name: parse-node-version
    version: 1.0.1
    engines: {node: '>= 0.10'}
    dev: true

  registry.npmmirror.com/picocolors/1.0.0:
    resolution: {integrity: sha1-y1vcdP8/UYkiNur3nWi8RFZKuBw=, registry: https://registry.npm.taobao.org/, tarball: https://registry.npmmirror.com/picocolors/download/picocolors-1.0.0.tgz}
    name: picocolors
    version: 1.0.0
    dev: true

  registry.npmmirror.com/postcss-value-parser/4.2.0:
    resolution: {integrity: sha512-1NNCs6uurfkVbeXG4S8JFT9t19m45ICnif8zWLd5oPSZ50QnwMfK+H3jv408d4jw/7Bttv5axS5IiHoLaVNHeQ==, registry: https://registry.npm.taobao.org/, tarball: https://registry.npmmirror.com/postcss-value-parser/download/postcss-value-parser-4.2.0.tgz}
    name: postcss-value-parser
    version: 4.2.0
    dev: true

  registry.npmmirror.com/postcss/8.4.5:
    resolution: {integrity: sha512-jBDboWM8qpaqwkMwItqTQTiFikhs/67OYVvblFFTM7MrZjt6yMKd6r2kgXizEbTTljacm4NldIlZnhbjr84QYg==, registry: https://registry.npm.taobao.org/, tarball: https://registry.npmmirror.com/postcss/download/postcss-8.4.5.tgz}
    name: postcss
    version: 8.4.5
    engines: {node: ^10 || ^12 || >=14}
    dependencies:
      nanoid: registry.npmmirror.com/nanoid/3.1.30
      picocolors: registry.npmmirror.com/picocolors/1.0.0
      source-map-js: registry.npmmirror.com/source-map-js/1.0.1
    dev: true

  registry.npmmirror.com/source-map-js/1.0.1:
    resolution: {integrity: sha512-4+TN2b3tqOCd/kaGRJ/sTYA0tR0mdXx26ipdolxcwtJVqEnqNYvlCAt1q3ypy4QMlYus+Zh34RNtYLoq2oQ4IA==, registry: https://registry.npm.taobao.org/, tarball: https://registry.npmmirror.com/source-map-js/download/source-map-js-1.0.1.tgz}
    name: source-map-js
    version: 1.0.1
    engines: {node: '>=0.10.0'}
    dev: true

  registry.npmmirror.com/strip-ansi/6.0.1:
    resolution: {integrity: sha1-nibGPTD1NEPpSJSVshBdN7Z6hdk=, registry: https://registry.npm.taobao.org/, tarball: https://registry.npmmirror.com/strip-ansi/download/strip-ansi-6.0.1.tgz}
    name: strip-ansi
    version: 6.0.1
    engines: {node: '>=8'}
    dependencies:
      ansi-regex: registry.nlark.com/ansi-regex/5.0.1
    dev: true

  registry.npmmirror.com/supports-color/7.2.0:
    resolution: {integrity: sha1-G33NyzK4E4gBs+R4umpRyqiWSNo=, registry: https://registry.npm.taobao.org/, tarball: https://registry.npmmirror.com/supports-color/download/supports-color-7.2.0.tgz}
    name: supports-color
    version: 7.2.0
    engines: {node: '>=8'}
    dependencies:
      has-flag: registry.nlark.com/has-flag/4.0.0
    dev: true

  registry.npmmirror.com/transfob/1.0.0:
    resolution: {integrity: sha1-x/wnpbVDCtSGJnrmZtkj90oKsyA=, registry: https://registry.npm.taobao.org/, tarball: https://registry.npmmirror.com/transfob/download/transfob-1.0.0.tgz}
    name: transfob
    version: 1.0.0
    dev: true
